// !$*UTF8*$!
{
	archiveVersion = 1;
	classes = {
	};
	objectVersion = 50;
	objects = {

/* Begin PBXBuildFile section */
		7D79E508A95CAD491AEB688C /* Pods_SwiftUIFirebase.framework in Frameworks */ = {isa = PBXBuildFile; fileRef = C98D97F5F8E579BCF97BCC2C /* Pods_SwiftUIFirebase.framework */; };
		ADACC9F824C8E32B0057590B /* AppDelegate.swift in Sources */ = {isa = PBXBuildFile; fileRef = ADACC9F724C8E32B0057590B /* AppDelegate.swift */; };
		ADACC9FA24C8E32B0057590B /* SceneDelegate.swift in Sources */ = {isa = PBXBuildFile; fileRef = ADACC9F924C8E32B0057590B /* SceneDelegate.swift */; };
		ADACC9FC24C8E32B0057590B /* ContentView.swift in Sources */ = {isa = PBXBuildFile; fileRef = ADACC9FB24C8E32B0057590B /* ContentView.swift */; };
		ADACC9FE24C8E32C0057590B /* Assets.xcassets in Resources */ = {isa = PBXBuildFile; fileRef = ADACC9FD24C8E32C0057590B /* Assets.xcassets */; };
		ADACCA0124C8E32C0057590B /* Preview Assets.xcassets in Resources */ = {isa = PBXBuildFile; fileRef = ADACCA0024C8E32C0057590B /* Preview Assets.xcassets */; };
		ADACCA0424C8E32C0057590B /* LaunchScreen.storyboard in Resources */ = {isa = PBXBuildFile; fileRef = ADACCA0224C8E32C0057590B /* LaunchScreen.storyboard */; };
/* End PBXBuildFile section */

/* Begin PBXFileReference section */
		3057FECF48915D5220CB4876 /* Pods-SwiftUIFirebase.debug.xcconfig */ = {isa = PBXFileReference; includeInIndex = 1; lastKnownFileType = text.xcconfig; name = "Pods-SwiftUIFirebase.debug.xcconfig"; path = "Target Support Files/Pods-SwiftUIFirebase/Pods-SwiftUIFirebase.debug.xcconfig"; sourceTree = "<group>"; };
		A29AF6E72F255CACA2228F00 /* Pods-SwiftUIFirebase.release.xcconfig */ = {isa = PBXFileReference; includeInIndex = 1; lastKnownFileType = text.xcconfig; name = "Pods-SwiftUIFirebase.release.xcconfig"; path = "Target Support Files/Pods-SwiftUIFirebase/Pods-SwiftUIFirebase.release.xcconfig"; sourceTree = "<group>"; };
		ADACC9F424C8E32B0057590B /* SwiftUIFirebase.app */ = {isa = PBXFileReference; explicitFileType = wrapper.application; includeInIndex = 0; path = SwiftUIFirebase.app; sourceTree = BUILT_PRODUCTS_DIR; };
		ADACC9F724C8E32B0057590B /* AppDelegate.swift */ = {isa = PBXFileReference; lastKnownFileType = sourcecode.swift; path = AppDelegate.swift; sourceTree = "<group>"; };
		ADACC9F924C8E32B0057590B /* SceneDelegate.swift */ = {isa = PBXFileReference; lastKnownFileType = sourcecode.swift; path = SceneDelegate.swift; sourceTree = "<group>"; };
		ADACC9FB24C8E32B0057590B /* ContentView.swift */ = {isa = PBXFileReference; lastKnownFileType = sourcecode.swift; path = ContentView.swift; sourceTree = "<group>"; };
		ADACC9FD24C8E32C0057590B /* Assets.xcassets */ = {isa = PBXFileReference; lastKnownFileType = folder.assetcatalog; path = Assets.xcassets; sourceTree = "<group>"; };
		ADACCA0024C8E32C0057590B /* Preview Assets.xcassets */ = {isa = PBXFileReference; lastKnownFileType = folder.assetcatalog; path = "Preview Assets.xcassets"; sourceTree = "<group>"; };
		ADACCA0324C8E32C0057590B /* Base */ = {isa = PBXFileReference; lastKnownFileType = file.storyboard; name = Base; path = Base.lproj/LaunchScreen.storyboard; sourceTree = "<group>"; };
		ADACCA0524C8E32C0057590B /* Info.plist */ = {isa = PBXFileReference; lastKnownFileType = text.plist.xml; path = Info.plist; sourceTree = "<group>"; };
		C98D97F5F8E579BCF97BCC2C /* Pods_SwiftUIFirebase.framework */ = {isa = PBXFileReference; explicitFileType = wrapper.framework; includeInIndex = 0; path = Pods_SwiftUIFirebase.framework; sourceTree = BUILT_PRODUCTS_DIR; };
/* End PBXFileReference section */

/* Begin PBXFrameworksBuildPhase section */
		ADACC9F124C8E32B0057590B /* Frameworks */ = {
			isa = PBXFrameworksBuildPhase;
			buildActionMask = 2147483647;
			files = (
				7D79E508A95CAD491AEB688C /* Pods_SwiftUIFirebase.framework in Frameworks */,
			);
			runOnlyForDeploymentPostprocessing = 0;
		};
/* End PBXFrameworksBuildPhase section */

/* Begin PBXGroup section */
		4351177EC15E8856C910B9FF /* Frameworks */ = {
			isa = PBXGroup;
			children = (
				C98D97F5F8E579BCF97BCC2C /* Pods_SwiftUIFirebase.framework */,
			);
			name = Frameworks;
			sourceTree = "<group>";
		};
		9E577AC49F26EEEB4A052FC6 /* Pods */ = {
			isa = PBXGroup;
			children = (
				3057FECF48915D5220CB4876 /* Pods-SwiftUIFirebase.debug.xcconfig */,
				A29AF6E72F255CACA2228F00 /* Pods-SwiftUIFirebase.release.xcconfig */,
			);
			name = Pods;
			path = Pods;
			sourceTree = "<group>";
		};
		ADACC9EB24C8E32B0057590B = {
			isa = PBXGroup;
			children = (
				ADACC9F624C8E32B0057590B /* SwiftUIFirebase */,
				ADACC9F524C8E32B0057590B /* Products */,
				9E577AC49F26EEEB4A052FC6 /* Pods */,
				4351177EC15E8856C910B9FF /* Frameworks */,
			);
			sourceTree = "<group>";
		};
		ADACC9F524C8E32B0057590B /* Products */ = {
			isa = PBXGroup;
			children = (
				ADACC9F424C8E32B0057590B /* SwiftUIFirebase.app */,
			);
			name = Products;
			sourceTree = "<group>";
		};
		ADACC9F624C8E32B0057590B /* SwiftUIFirebase */ = {
			isa = PBXGroup;
			children = (
				ADACC9F724C8E32B0057590B /* AppDelegate.swift */,
				ADACC9F924C8E32B0057590B /* SceneDelegate.swift */,
				ADACC9FB24C8E32B0057590B /* ContentView.swift */,
				ADACC9FD24C8E32C0057590B /* Assets.xcassets */,
				ADACCA0224C8E32C0057590B /* LaunchScreen.storyboard */,
				ADACCA0524C8E32C0057590B /* Info.plist */,
				ADACC9FF24C8E32C0057590B /* Preview Content */,
			);
			path = SwiftUIFirebase;
			sourceTree = "<group>";
		};
		ADACC9FF24C8E32C0057590B /* Preview Content */ = {
			isa = PBXGroup;
			children = (
				ADACCA0024C8E32C0057590B /* Preview Assets.xcassets */,
			);
			path = "Preview Content";
			sourceTree = "<group>";
		};
/* End PBXGroup section */

/* Begin PBXNativeTarget section */
		ADACC9F324C8E32B0057590B /* SwiftUIFirebase */ = {
			isa = PBXNativeTarget;
			buildConfigurationList = ADACCA0824C8E32C0057590B /* Build configuration list for PBXNativeTarget "SwiftUIFirebase" */;
			buildPhases = (
				D66F43D4CF7E1856D869766F /* [CP] Check Pods Manifest.lock */,
				ADACC9F024C8E32B0057590B /* Sources */,
				ADACC9F124C8E32B0057590B /* Frameworks */,
				ADACC9F224C8E32B0057590B /* Resources */,
				C8590DB5020A09A503DEC553 /* [CP] Embed Pods Frameworks */,
			);
			buildRules = (
			);
			dependencies = (
			);
			name = SwiftUIFirebase;
			productName = SwiftUIFirebase;
			productReference = ADACC9F424C8E32B0057590B /* SwiftUIFirebase.app */;
			productType = "com.apple.product-type.application";
		};
/* End PBXNativeTarget section */

/* Begin PBXProject section */
		ADACC9EC24C8E32B0057590B /* Project object */ = {
			isa = PBXProject;
			attributes = {
				LastSwiftUpdateCheck = 1200;
				LastUpgradeCheck = 1200;
				TargetAttributes = {
					ADACC9F324C8E32B0057590B = {
						CreatedOnToolsVersion = 12.0;
					};
				};
			};
			buildConfigurationList = ADACC9EF24C8E32B0057590B /* Build configuration list for PBXProject "SwiftUIFirebase" */;
			compatibilityVersion = "Xcode 9.3";
			developmentRegion = en;
			hasScannedForEncodings = 0;
			knownRegions = (
				en,
				Base,
			);
			mainGroup = ADACC9EB24C8E32B0057590B;
			productRefGroup = ADACC9F524C8E32B0057590B /* Products */;
			projectDirPath = "";
			projectRoot = "";
			targets = (
				ADACC9F324C8E32B0057590B /* SwiftUIFirebase */,
			);
		};
/* End PBXProject section */

/* Begin PBXResourcesBuildPhase section */
		ADACC9F224C8E32B0057590B /* Resources */ = {
			isa = PBXResourcesBuildPhase;
			buildActionMask = 2147483647;
			files = (
				ADACCA0424C8E32C0057590B /* LaunchScreen.storyboard in Resources */,
				ADACCA0124C8E32C0057590B /* Preview Assets.xcassets in Resources */,
				ADACC9FE24C8E32C0057590B /* Assets.xcassets in Resources */,
			);
			runOnlyForDeploymentPostprocessing = 0;
		};
/* End PBXResourcesBuildPhase section */

/* Begin PBXShellScriptBuildPhase section */
		C8590DB5020A09A503DEC553 /* [CP] Embed Pods Frameworks */ = {
			isa = PBXShellScriptBuildPhase;
			buildActionMask = 2147483647;
			files = (
			);
			inputFileListPaths = (
				"${PODS_ROOT}/Target Support Files/Pods-SwiftUIFirebase/Pods-SwiftUIFirebase-frameworks-${CONFIGURATION}-input-files.xcfilelist",
			);
			name = "[CP] Embed Pods Frameworks";
			outputFileListPaths = (
				"${PODS_ROOT}/Target Support Files/Pods-SwiftUIFirebase/Pods-SwiftUIFirebase-frameworks-${CONFIGURATION}-output-files.xcfilelist",
			);
			runOnlyForDeploymentPostprocessing = 0;
			shellPath = /bin/sh;
			shellScript = "\"${PODS_ROOT}/Target Support Files/Pods-SwiftUIFirebase/Pods-SwiftUIFirebase-frameworks.sh\"\n";
			showEnvVarsInLog = 0;
		};
		D66F43D4CF7E1856D869766F /* [CP] Check Pods Manifest.lock */ = {
			isa = PBXShellScriptBuildPhase;
			buildActionMask = 2147483647;
			files = (
			);
			inputFileListPaths = (
			);
			inputPaths = (
				"${PODS_PODFILE_DIR_PATH}/Podfile.lock",
				"${PODS_ROOT}/Manifest.lock",
			);
			name = "[CP] Check Pods Manifest.lock";
			outputFileListPaths = (
			);
			outputPaths = (
				"$(DERIVED_FILE_DIR)/Pods-SwiftUIFirebase-checkManifestLockResult.txt",
			);
			runOnlyForDeploymentPostprocessing = 0;
			shellPath = /bin/sh;
			shellScript = "diff \"${PODS_PODFILE_DIR_PATH}/Podfile.lock\" \"${PODS_ROOT}/Manifest.lock\" > /dev/null\nif [ $? != 0 ] ; then\n    # print error to STDERR\n    echo \"error: The sandbox is not in sync with the Podfile.lock. Run 'pod install' or update your CocoaPods installation.\" >&2\n    exit 1\nfi\n# This output is used by Xcode 'outputs' to avoid re-running this script phase.\necho \"SUCCESS\" > \"${SCRIPT_OUTPUT_FILE_0}\"\n";
			showEnvVarsInLog = 0;
		};
/* End PBXShellScriptBuildPhase section */

/* Begin PBXSourcesBuildPhase section */
		ADACC9F024C8E32B0057590B /* Sources */ = {
			isa = PBXSourcesBuildPhase;
			buildActionMask = 2147483647;
			files = (
				ADACC9F824C8E32B0057590B /* AppDelegate.swift in Sources */,
				ADACC9FA24C8E32B0057590B /* SceneDelegate.swift in Sources */,
				ADACC9FC24C8E32B0057590B /* ContentView.swift in Sources */,
			);
			runOnlyForDeploymentPostprocessing = 0;
		};
/* End PBXSourcesBuildPhase section */

/* Begin PBXVariantGroup section */
		ADACCA0224C8E32C0057590B /* LaunchScreen.storyboard */ = {
			isa = PBXVariantGroup;
			children = (
				ADACCA0324C8E32C0057590B /* Base */,
			);
			name = LaunchScreen.storyboard;
			sourceTree = "<group>";
		};
/* End PBXVariantGroup section */

/* Begin XCBuildConfiguration section */
		ADACCA0624C8E32C0057590B /* Debug */ = {
			isa = XCBuildConfiguration;
			buildSettings = {
				ALWAYS_SEARCH_USER_PATHS = NO;
				CLANG_ANALYZER_NONNULL = YES;
				CLANG_ANALYZER_NUMBER_OBJECT_CONVERSION = YES_AGGRESSIVE;
				CLANG_CXX_LANGUAGE_STANDARD = "gnu++14";
				CLANG_CXX_LIBRARY = "libc++";
				CLANG_ENABLE_MODULES = YES;
				CLANG_ENABLE_OBJC_ARC = YES;
				CLANG_ENABLE_OBJC_WEAK = YES;
				CLANG_WARN_BLOCK_CAPTURE_AUTORELEASING = YES;
				CLANG_WARN_BOOL_CONVERSION = YES;
				CLANG_WARN_COMMA = YES;
				CLANG_WARN_CONSTANT_CONVERSION = YES;
				CLANG_WARN_DEPRECATED_OBJC_IMPLEMENTATIONS = YES;
				CLANG_WARN_DIRECT_OBJC_ISA_USAGE = YES_ERROR;
				CLANG_WARN_DOCUMENTATION_COMMENTS = YES;
				CLANG_WARN_EMPTY_BODY = YES;
				CLANG_WARN_ENUM_CONVERSION = YES;
				CLANG_WARN_INFINITE_RECURSION = YES;
				CLANG_WARN_INT_CONVERSION = YES;
				CLANG_WARN_NON_LITERAL_NULL_CONVERSION = YES;
				CLANG_WARN_OBJC_IMPLICIT_RETAIN_SELF = YES;
				CLANG_WARN_OBJC_LITERAL_CONVERSION = YES;
				CLANG_WARN_OBJC_ROOT_CLASS = YES_ERROR;
				CLANG_WARN_QUOTED_INCLUDE_IN_FRAMEWORK_HEADER = YES;
				CLANG_WARN_RANGE_LOOP_ANALYSIS = YES;
				CLANG_WARN_STRICT_PROTOTYPES = YES;
				CLANG_WARN_SUSPICIOUS_MOVE = YES;
				CLANG_WARN_UNGUARDED_AVAILABILITY = YES_AGGRESSIVE;
				CLANG_WARN_UNREACHABLE_CODE = YES;
				CLANG_WARN__DUPLICATE_METHOD_MATCH = YES;
				COPY_PHASE_STRIP = NO;
				DEBUG_INFORMATION_FORMAT = dwarf;
				ENABLE_STRICT_OBJC_MSGSEND = YES;
				ENABLE_TESTABILITY = YES;
				GCC_C_LANGUAGE_STANDARD = gnu11;
				GCC_DYNAMIC_NO_PIC = NO;
				GCC_NO_COMMON_BLOCKS = YES;
				GCC_OPTIMIZATION_LEVEL = 0;
				GCC_PREPROCESSOR_DEFINITIONS = (
					"DEBUG=1",
					"$(inherited)",
				);
				GCC_WARN_64_TO_32_BIT_CONVERSION = YES;
				GCC_WARN_ABOUT_RETURN_TYPE = YES_ERROR;
				GCC_WARN_UNDECLARED_SELECTOR = YES;
				GCC_WARN_UNINITIALIZED_AUTOS = YES_AGGRESSIVE;
				GCC_WARN_UNUSED_FUNCTION = YES;
				GCC_WARN_UNUSED_VARIABLE = YES;
				IPHONEOS_DEPLOYMENT_TARGET = 14.0;
				MTL_ENABLE_DEBUG_INFO = INCLUDE_SOURCE;
				MTL_FAST_MATH = YES;
				ONLY_ACTIVE_ARCH = YES;
				SDKROOT = iphoneos;
				SWIFT_ACTIVE_COMPILATION_CONDITIONS = DEBUG;
				SWIFT_OPTIMIZATION_LEVEL = "-Onone";
			};
			name = Debug;
		};
		ADACCA0724C8E32C0057590B /* Release */ = {
			isa = XCBuildConfiguration;
			buildSettings = {
				ALWAYS_SEARCH_USER_PATHS = NO;
				CLANG_ANALYZER_NONNULL = YES;
				CLANG_ANALYZER_NUMBER_OBJECT_CONVERSION = YES_AGGRESSIVE;
				CLANG_CXX_LANGUAGE_STANDARD = "gnu++14";
				CLANG_CXX_LIBRARY = "libc++";
				CLANG_ENABLE_MODULES = YES;
				CLANG_ENABLE_OBJC_ARC = YES;
				CLANG_ENABLE_OBJC_WEAK = YES;
				CLANG_WARN_BLOCK_CAPTURE_AUTORELEASING = YES;
				CLANG_WARN_BOOL_CONVERSION = YES;
				CLANG_WARN_COMMA = YES;
				CLANG_WARN_CONSTANT_CONVERSION = YES;
				CLANG_WARN_DEPRECATED_OBJC_IMPLEMENTATIONS = YES;
				CLANG_WARN_DIRECT_OBJC_ISA_USAGE = YES_ERROR;
				CLANG_WARN_DOCUMENTATION_COMMENTS = YES;
				CLANG_WARN_EMPTY_BODY = YES;
				CLANG_WARN_ENUM_CONVERSION = YES;
				CLANG_WARN_INFINITE_RECURSION = YES;
				CLANG_WARN_INT_CONVERSION = YES;
				CLANG_WARN_NON_LITERAL_NULL_CONVERSION = YES;
				CLANG_WARN_OBJC_IMPLICIT_RETAIN_SELF = YES;
				CLANG_WARN_OBJC_LITERAL_CONVERSION = YES;
				CLANG_WARN_OBJC_ROOT_CLASS = YES_ERROR;
				CLANG_WARN_QUOTED_INCLUDE_IN_FRAMEWORK_HEADER = YES;
				CLANG_WARN_RANGE_LOOP_ANALYSIS = YES;
				CLANG_WARN_STRICT_PROTOTYPES = YES;
				CLANG_WARN_SUSPICIOUS_MOVE = YES;
				CLANG_WARN_UNGUARDED_AVAILABILITY = YES_AGGRESSIVE;
				CLANG_WARN_UNREACHABLE_CODE = YES;
				CLANG_WARN__DUPLICATE_METHOD_MATCH = YES;
				COPY_PHASE_STRIP = NO;
				DEBUG_INFORMATION_FORMAT = "dwarf-with-dsym";
				ENABLE_NS_ASSERTIONS = NO;
				ENABLE_STRICT_OBJC_MSGSEND = YES;
				GCC_C_LANGUAGE_STANDARD = gnu11;
				GCC_NO_COMMON_BLOCKS = YES;
				GCC_WARN_64_TO_32_BIT_CONVERSION = YES;
				GCC_WARN_ABOUT_RETURN_TYPE = YES_ERROR;
				GCC_WARN_UNDECLARED_SELECTOR = YES;
				GCC_WARN_UNINITIALIZED_AUTOS = YES_AGGRESSIVE;
				GCC_WARN_UNUSED_FUNCTION = YES;
				GCC_WARN_UNUSED_VARIABLE = YES;
				IPHONEOS_DEPLOYMENT_TARGET = 14.0;
				MTL_ENABLE_DEBUG_INFO = NO;
				MTL_FAST_MATH = YES;
				SDKROOT = iphoneos;
				SWIFT_COMPILATION_MODE = wholemodule;
				SWIFT_OPTIMIZATION_LEVEL = "-O";
				VALIDATE_PRODUCT = YES;
			};
			name = Release;
		};
		ADACCA0924C8E32C0057590B /* Debug */ = {
			isa = XCBuildConfiguration;
			baseConfigurationReference = 3057FECF48915D5220CB4876 /* Pods-SwiftUIFirebase.debug.xcconfig */;
			buildSettings = {
				ASSETCATALOG_COMPILER_APPICON_NAME = AppIcon;
				ASSETCATALOG_COMPILER_GLOBAL_ACCENT_COLOR_NAME = AccentColor;
				CODE_SIGN_STYLE = Automatic;
				DEVELOPMENT_ASSET_PATHS = "\"SwiftUIFirebase/Preview Content\"";
				ENABLE_PREVIEWS = YES;
				INFOPLIST_FILE = SwiftUIFirebase/Info.plist;
				LD_RUNPATH_SEARCH_PATHS = (
					"$(inherited)",
					"@executable_path/Frameworks",
				);
				PRODUCT_BUNDLE_IDENTIFIER = com.example.SwiftUIFirebase;
				PRODUCT_NAME = "$(TARGET_NAME)";
				SWIFT_VERSION = 5.0;
				TARGETED_DEVICE_FAMILY = "1,2";
			};
			name = Debug;
		};
		ADACCA0A24C8E32C0057590B /* Release */ = {
			isa = XCBuildConfiguration;
			baseConfigurationReference = A29AF6E72F255CACA2228F00 /* Pods-SwiftUIFirebase.release.xcconfig */;
			buildSettings = {
				ASSETCATALOG_COMPILER_APPICON_NAME = AppIcon;
				ASSETCATALOG_COMPILER_GLOBAL_ACCENT_COLOR_NAME = AccentColor;
				CODE_SIGN_STYLE = Automatic;
				DEVELOPMENT_ASSET_PATHS = "\"SwiftUIFirebase/Preview Content\"";
				ENABLE_PREVIEWS = YES;
				INFOPLIST_FILE = SwiftUIFirebase/Info.plist;
				LD_RUNPATH_SEARCH_PATHS = (
					"$(inherited)",
					"@executable_path/Frameworks",
				);
				PRODUCT_BUNDLE_IDENTIFIER = com.example.SwiftUIFirebase;
				PRODUCT_NAME = "$(TARGET_NAME)";
				SWIFT_VERSION = 5.0;
				TARGETED_DEVICE_FAMILY = "1,2";
			};
			name = Release;
		};
/* End XCBuildConfiguration section */

/* Begin XCConfigurationList section */
		ADACC9EF24C8E32B0057590B /* Build configuration list for PBXProject "SwiftUIFirebase" */ = {
			isa = XCConfigurationList;
			buildConfigurations = (
				ADACCA0624C8E32C0057590B /* Debug */,
				ADACCA0724C8E32C0057590B /* Release */,
			);
			defaultConfigurationIsVisible = 0;
			defaultConfigurationName = Release;
		};
		ADACCA0824C8E32C0057590B /* Build configuration list for PBXNativeTarget "SwiftUIFirebase" */ = {
			isa = XCConfigurationList;
			buildConfigurations = (
				ADACCA0924C8E32C0057590B /* Debug */,
				ADACCA0A24C8E32C0057590B /* Release */,
			);
			defaultConfigurationIsVisible = 0;
			defaultConfigurationName = Release;
		};
/* End XCConfigurationList section */
	};
	rootObject = ADACC9EC24C8E32B0057590B /* Project object */;
}
